
Microsoft Visual Studio Solution File, Format Version 12.00
# Visual Studio Version 17
VisualStudioVersion = 17.14.36414.22
MinimumVisualStudioVersion = 10.0.40219.1
Project("{FAE04EC0-301F-11D3-BF4B-00C04F79EFBC}") = "ChatGroup.Server", "ChatServer\ChatGroup.Server.csproj", "{7B479DC7-D261-43D5-A16D-DCAD47F71E5A}"
EndProject
Project("{FAE04EC0-301F-11D3-BF4B-00C04F79EFBC}") = "ChatGroup.Client", "ChatClient\ChatGroup.Client.csproj", "{388BC703-B2DE-4931-8016-465362EB2E6F}"
EndProject
Project("{FAE04EC0-301F-11D3-BF4B-00C04F79EFBC}") = "ChatGroup.Shared", "ChatShared\ChatGroup.Shared.csproj", "{17468008-BDC2-4040-88C8-2DFE8DA4455D}"
EndProject
Global
	GlobalSection(SolutionConfigurationPlatforms) = preSolution
		Debug|Any CPU = Debug|Any CPU
		Debug|x64 = Debug|x64
		Debug|x86 = Debug|x86
		Release|Any CPU = Release|Any CPU
		Release|x64 = Release|x64
		Release|x86 = Release|x86
	EndGlobalSection
	GlobalSection(ProjectConfigurationPlatforms) = postSolution
		{7B479DC7-D261-43D5-A16D-DCAD47F71E5A}.Debug|Any CPU.ActiveCfg = Debug|Any CPU
		{7B479DC7-D261-43D5-A16D-DCAD47F71E5A}.Debug|Any CPU.Build.0 = Debug|Any CPU
		{7B479DC7-D261-43D5-A16D-DCAD47F71E5A}.Debug|x64.ActiveCfg = Debug|Any CPU
		{7B479DC7-D261-43D5-A16D-DCAD47F71E5A}.Debug|x64.Build.0 = Debug|Any CPU
		{7B479DC7-D261-43D5-A16D-DCAD47F71E5A}.Debug|x86.ActiveCfg = Debug|Any CPU
		{7B479DC7-D261-43D5-A16D-DCAD47F71E5A}.Debug|x86.Build.0 = Debug|Any CPU
		{7B479DC7-D261-43D5-A16D-DCAD47F71E5A}.Release|Any CPU.ActiveCfg = Release|Any CPU
		{7B479DC7-D261-43D5-A16D-DCAD47F71E5A}.Release|Any CPU.Build.0 = Release|Any CPU
		{7B479DC7-D261-43D5-A16D-DCAD47F71E5A}.Release|x64.ActiveCfg = Release|Any CPU
		{7B479DC7-D261-43D5-A16D-DCAD47F71E5A}.Release|x64.Build.0 = Release|Any CPU
		{7B479DC7-D261-43D5-A16D-DCAD47F71E5A}.Release|x86.ActiveCfg = Release|Any CPU
		{7B479DC7-D261-43D5-A16D-DCAD47F71E5A}.Release|x86.Build.0 = Release|Any CPU
		{388BC703-B2DE-4931-8016-465362EB2E6F}.Debug|Any CPU.ActiveCfg = Debug|Any CPU
		{388BC703-B2DE-4931-8016-465362EB2E6F}.Debug|Any CPU.Build.0 = Debug|Any CPU
		{388BC703-B2DE-4931-8016-465362EB2E6F}.Debug|x64.ActiveCfg = Debug|Any CPU
		{388BC703-B2DE-4931-8016-465362EB2E6F}.Debug|x64.Build.0 = Debug|Any CPU
		{388BC703-B2DE-4931-8016-465362EB2E6F}.Debug|x86.ActiveCfg = Debug|Any CPU
		{388BC703-B2DE-4931-8016-465362EB2E6F}.Debug|x86.Build.0 = Debug|Any CPU
		{388BC703-B2DE-4931-8016-465362EB2E6F}.Release|Any CPU.ActiveCfg = Release|Any CPU
		{388BC703-B2DE-4931-8016-465362EB2E6F}.Release|Any CPU.Build.0 = Release|Any CPU
		{388BC703-B2DE-4931-8016-465362EB2E6F}.Release|x64.ActiveCfg = Release|Any CPU
		{388BC703-B2DE-4931-8016-465362EB2E6F}.Release|x64.Build.0 = Release|Any CPU
		{388BC703-B2DE-4931-8016-465362EB2E6F}.Release|x86.ActiveCfg = Release|Any CPU
		{388BC703-B2DE-4931-8016-465362EB2E6F}.Release|x86.Build.0 = Release|Any CPU
		{17468008-BDC2-4040-88C8-2DFE8DA4455D}.Debug|Any CPU.ActiveCfg = Debug|Any CPU
		{17468008-BDC2-4040-88C8-2DFE8DA4455D}.Debug|Any CPU.Build.0 = Debug|Any CPU
		{17468008-BDC2-4040-88C8-2DFE8DA4455D}.Debug|x64.ActiveCfg = Debug|Any CPU
		{17468008-BDC2-4040-88C8-2DFE8DA4455D}.Debug|x64.Build.0 = Debug|Any CPU
		{17468008-BDC2-4040-88C8-2DFE8DA4455D}.Debug|x86.ActiveCfg = Debug|Any CPU
		{17468008-BDC2-4040-88C8-2DFE8DA4455D}.Debug|x86.Build.0 = Debug|Any CPU
		{17468008-BDC2-4040-88C8-2DFE8DA4455D}.Release|Any CPU.ActiveCfg = Release|Any CPU
		{17468008-BDC2-4040-88C8-2DFE8DA4455D}.Release|Any CPU.Build.0 = Release|Any CPU
		{17468008-BDC2-4040-88C8-2DFE8DA4455D}.Release|x64.ActiveCfg = Release|Any CPU
		{17468008-BDC2-4040-88C8-2DFE8DA4455D}.Release|x64.Build.0 = Release|Any CPU
		{17468008-BDC2-4040-88C8-2DFE8DA4455D}.Release|x86.ActiveCfg = Release|Any CPU
		{17468008-BDC2-4040-88C8-2DFE8DA4455D}.Release|x86.Build.0 = Release|Any CPU
	EndGlobalSection
	GlobalSection(SolutionProperties) = preSolution
		HideSolutionNode = FALSE
	EndGlobalSection
	GlobalSection(ExtensibilityGlobals) = postSolution
		SolutionGuid = {579A32CF-8BE0-43D0-A0F2-75F3AD551A13}
	EndGlobalSection
EndGlobal
